{
    "_readme": [
        "This file locks the dependencies of your project to a known state",
        "Read more about it at https://getcomposer.org/doc/01-basic-usage.md#installing-dependencies",
        "This file is @generated automatically"
    ],
    "content-hash": "96f8ff12be2da3874a807319f35b4df3",
    "packages": [
        {
            "name": "symfony/thanks",
            "version": "v1.0.8",
            "source": {
                "type": "git",
                "url": "https://github.com/symfony/thanks.git",
                "reference": "ca74c76a2a43aaa491e7a524fd235e094b1129b5"
            },
            "dist": {
                "type": "zip",
                "url": "https://api.github.com/repos/symfony/thanks/zipball/ca74c76a2a43aaa491e7a524fd235e094b1129b5",
                "reference": "ca74c76a2a43aaa491e7a524fd235e094b1129b5",
                "shasum": ""
            },
            "require": {
                "composer-plugin-api": "^1.0",
                "php": "^5.5.9|^7.0.0"
            },
            "type": "composer-plugin",
            "extra": {
                "branch-alias": {
                    "dev-master": "1.0-dev"
                },
                "class": "Symfony\\Thanks\\Thanks"
            },
            "autoload": {
                "psr-4": {
                    "Symfony\\Thanks\\": "src"
                }
            },
            "notification-url": "https://packagist.org/downloads/",
            "license": [
                "MIT"
            ],
            "authors": [
                {
                    "name": "Nicolas Grekas",
                    "email": "p@tchwork.com"
                }
            ],
            "description": "Give thanks (in the form of a GitHub ⭐) to your fellow PHP package maintainers (not limited to Symfony components)!",
            "time": "2018-08-05T16:46:52+00:00"
        }
    ],
    "aliases": [],
    "minimum-stability": "stable",
    "stability-flags": {
        "casinelli/laravel-campaignmonitor": 20
    },
    "prefer-stable": false,
    "prefer-lowest": false,
    "platform": {
        "php": ">=7.2.0"
    },
    "platform-dev": []
}
